
Microsoft Visual Studio Solution File, Format Version 12.00
# Visual Studio 15
VisualStudioVersion = 15.0.28010.2003
MinimumVisualStudioVersion = 10.0.40219.1
Project("{FAE04EC0-301F-11D3-BF4B-00C04F79EFBC}") = "Pokemon Don't Go", "Pokemon Don't Go\Pokemon Don't Go.csproj", "{3F134026-0446-49E6-A63D-B2B002150964}"
EndProject
Global
	GlobalSection(SolutionConfigurationPlatforms) = preSolution
		Debug|Any CPU = Debug|Any CPU
		Release|Any CPU = Release|Any CPU
	EndGlobalSection
	GlobalSection(ProjectConfigurationPlatforms) = postSolution
		{3F134026-0446-49E6-A63D-B2B002150964}.Debug|Any CPU.ActiveCfg = Debug|Any CPU
		{3F134026-0446-49E6-A63D-B2B002150964}.Debug|Any CPU.Build.0 = Debug|Any CPU
		{3F134026-0446-49E6-A63D-B2B002150964}.Release|Any CPU.ActiveCfg = Release|Any CPU
		{3F134026-0446-49E6-A63D-B2B002150964}.Release|Any CPU.Build.0 = Release|Any CPU
	EndGlobalSection
	GlobalSection(SolutionProperties) = preSolution
		HideSolutionNode = FALSE
	EndGlobalSection
	GlobalSection(ExtensibilityGlobals) = postSolution
		SolutionGuid = {0FF3A1E1-B1EB-4060-82DD-D59F2738E9EE}
	EndGlobalSection
EndGlobal
